
Microsoft Visual Studio Solution File, Format Version 12.00
# Visual Studio Version 17
VisualStudioVersion = 17.3.32922.545
MinimumVisualStudioVersion = 10.0.40219.1
Project("{FAE04EC0-301F-11D3-BF4B-00C04F79EFBC}") = "ServerGenerator", "ServerGenerator.csproj", "{FDEBE8D1-9D12-497D-89A5-3BBB27E01D0E}"
EndProject
Global
	GlobalSection(SolutionConfigurationPlatforms) = preSolution
		Debug|Any CPU = Debug|Any CPU
		Release|Any CPU = Release|Any CPU
	EndGlobalSection
	GlobalSection(ProjectConfigurationPlatforms) = postSolution
		{FDEBE8D1-9D12-497D-89A5-3BBB27E01D0E}.Debug|Any CPU.ActiveCfg = Debug|Any CPU
		{FDEBE8D1-9D12-497D-89A5-3BBB27E01D0E}.Debug|Any CPU.Build.0 = Debug|Any CPU
		{FDEBE8D1-9D12-497D-89A5-3BBB27E01D0E}.Release|Any CPU.ActiveCfg = Release|Any CPU
		{FDEBE8D1-9D12-497D-89A5-3BBB27E01D0E}.Release|Any CPU.Build.0 = Release|Any CPU
	EndGlobalSection
	GlobalSection(SolutionProperties) = preSolution
		HideSolutionNode = FALSE
	EndGlobalSection
	GlobalSection(ExtensibilityGlobals) = postSolution
		SolutionGuid = {DC186087-522E-4086-9BD4-C847AF99F051}
	EndGlobalSection
EndGlobal
